// !$*UTF8*$!
{
	archiveVersion = 1;
	classes = {
	};
	objectVersion = 56;
	objects = {

/* Begin PBXBuildFile section */
		2CC8ED792BF5254B00E8C33B /* ChatBubble.swift in Sources */ = {isa = PBXBuildFile; fileRef = 2CC8ED782BF5254B00E8C33B /* ChatBubble.swift */; };
		2CC8ED7B2BF5258400E8C33B /* ChatBubbleShape.swift in Sources */ = {isa = PBXBuildFile; fileRef = 2CC8ED7A2BF5258400E8C33B /* ChatBubbleShape.swift */; };
		2CE18A762BF4859C00840106 /* GeminiMultimodalApp.swift in Sources */ = {isa = PBXBuildFile; fileRef = 2CE18A752BF4859C00840106 /* GeminiMultimodalApp.swift */; };
		2CE18A782BF4859C00840106 /* ContentView.swift in Sources */ = {isa = PBXBuildFile; fileRef = 2CE18A772BF4859C00840106 /* ContentView.swift */; };
		2CE18A7A2BF4859D00840106 /* Assets.xcassets in Resources */ = {isa = PBXBuildFile; fileRef = 2CE18A792BF4859D00840106 /* Assets.xcassets */; };
		2CE18A7D2BF4859D00840106 /* Preview Assets.xcassets in Resources */ = {isa = PBXBuildFile; fileRef = 2CE18A7C2BF4859D00840106 /* Preview Assets.xcassets */; };
		2CE18A842BF485B900840106 /* Chat.swift in Sources */ = {isa = PBXBuildFile; fileRef = 2CE18A832BF485B900840106 /* Chat.swift */; };
		2CE18A892BF4869A00840106 /* GoogleGenerativeAI in Frameworks */ = {isa = PBXBuildFile; productRef = 2CE18A882BF4869A00840106 /* GoogleGenerativeAI */; };
		2CE18A8B2BF487C900840106 /* GenerativeAI-Info.plist in Resources */ = {isa = PBXBuildFile; fileRef = 2CE18A8A2BF487C900840106 /* GenerativeAI-Info.plist */; };
		2CE18A8D2BF488D600840106 /* APIKey.swift in Sources */ = {isa = PBXBuildFile; fileRef = 2CE18A8C2BF488D600840106 /* APIKey.swift */; };
		2CE18A8F2BF48D2300840106 /* MultimodalChatView.swift in Sources */ = {isa = PBXBuildFile; fileRef = 2CE18A8E2BF48D2300840106 /* MultimodalChatView.swift */; };
		2CE18A932BF4AA0100840106 /* ChatService.swift in Sources */ = {isa = PBXBuildFile; fileRef = 2CE18A922BF4AA0100840106 /* ChatService.swift */; };
/* End PBXBuildFile section */

/* Begin PBXFileReference section */
		2CC8ED782BF5254B00E8C33B /* ChatBubble.swift */ = {isa = PBXFileReference; lastKnownFileType = sourcecode.swift; path = ChatBubble.swift; sourceTree = "<group>"; };
		2CC8ED7A2BF5258400E8C33B /* ChatBubbleShape.swift */ = {isa = PBXFileReference; lastKnownFileType = sourcecode.swift; path = ChatBubbleShape.swift; sourceTree = "<group>"; };
		2CE18A722BF4859C00840106 /* GeminiMultimodal.app */ = {isa = PBXFileReference; explicitFileType = wrapper.application; includeInIndex = 0; path = GeminiMultimodal.app; sourceTree = BUILT_PRODUCTS_DIR; };
		2CE18A752BF4859C00840106 /* GeminiMultimodalApp.swift */ = {isa = PBXFileReference; lastKnownFileType = sourcecode.swift; path = GeminiMultimodalApp.swift; sourceTree = "<group>"; };
		2CE18A772BF4859C00840106 /* ContentView.swift */ = {isa = PBXFileReference; lastKnownFileType = sourcecode.swift; path = ContentView.swift; sourceTree = "<group>"; };
		2CE18A792BF4859D00840106 /* Assets.xcassets */ = {isa = PBXFileReference; lastKnownFileType = folder.assetcatalog; path = Assets.xcassets; sourceTree = "<group>"; };
		2CE18A7C2BF4859D00840106 /* Preview Assets.xcassets */ = {isa = PBXFileReference; lastKnownFileType = folder.assetcatalog; path = "Preview Assets.xcassets"; sourceTree = "<group>"; };
		2CE18A832BF485B900840106 /* Chat.swift */ = {isa = PBXFileReference; lastKnownFileType = sourcecode.swift; path = Chat.swift; sourceTree = "<group>"; };
		2CE18A8A2BF487C900840106 /* GenerativeAI-Info.plist */ = {isa = PBXFileReference; lastKnownFileType = text.plist.xml; path = "GenerativeAI-Info.plist"; sourceTree = "<group>"; };
		2CE18A8C2BF488D600840106 /* APIKey.swift */ = {isa = PBXFileReference; lastKnownFileType = sourcecode.swift; path = APIKey.swift; sourceTree = "<group>"; };
		2CE18A8E2BF48D2300840106 /* MultimodalChatView.swift */ = {isa = PBXFileReference; lastKnownFileType = sourcecode.swift; path = MultimodalChatView.swift; sourceTree = "<group>"; };
		2CE18A922BF4AA0100840106 /* ChatService.swift */ = {isa = PBXFileReference; lastKnownFileType = sourcecode.swift; path = ChatService.swift; sourceTree = "<group>"; };
/* End PBXFileReference section */

/* Begin PBXFrameworksBuildPhase section */
		2CE18A6F2BF4859C00840106 /* Frameworks */ = {
			isa = PBXFrameworksBuildPhase;
			buildActionMask = 2147483647;
			files = (
				2CE18A892BF4869A00840106 /* GoogleGenerativeAI in Frameworks */,
			);
			runOnlyForDeploymentPostprocessing = 0;
		};
/* End PBXFrameworksBuildPhase section */

/* Begin PBXGroup section */
		2CE18A692BF4859C00840106 = {
			isa = PBXGroup;
			children = (
				2CE18A742BF4859C00840106 /* GeminiMultimodal */,
				2CE18A732BF4859C00840106 /* Products */,
			);
			sourceTree = "<group>";
		};
		2CE18A732BF4859C00840106 /* Products */ = {
			isa = PBXGroup;
			children = (
				2CE18A722BF4859C00840106 /* GeminiMultimodal.app */,
			);
			name = Products;
			sourceTree = "<group>";
		};
		2CE18A742BF4859C00840106 /* GeminiMultimodal */ = {
			isa = PBXGroup;
			children = (
				2CE18A752BF4859C00840106 /* GeminiMultimodalApp.swift */,
				2CE18A922BF4AA0100840106 /* ChatService.swift */,
				2CE18A832BF485B900840106 /* Chat.swift */,
				2CE18A772BF4859C00840106 /* ContentView.swift */,
				2CE18A8E2BF48D2300840106 /* MultimodalChatView.swift */,
				2CE18A792BF4859D00840106 /* Assets.xcassets */,
				2CE18A7B2BF4859D00840106 /* Preview Content */,
				2CE18A8A2BF487C900840106 /* GenerativeAI-Info.plist */,
				2CE18A8C2BF488D600840106 /* APIKey.swift */,
				2CC8ED782BF5254B00E8C33B /* ChatBubble.swift */,
				2CC8ED7A2BF5258400E8C33B /* ChatBubbleShape.swift */,
			);
			path = GeminiMultimodal;
			sourceTree = "<group>";
		};
		2CE18A7B2BF4859D00840106 /* Preview Content */ = {
			isa = PBXGroup;
			children = (
				2CE18A7C2BF4859D00840106 /* Preview Assets.xcassets */,
			);
			path = "Preview Content";
			sourceTree = "<group>";
		};
/* End PBXGroup section */

/* Begin PBXNativeTarget section */
		2CE18A712BF4859C00840106 /* GeminiMultimodal */ = {
			isa = PBXNativeTarget;
			buildConfigurationList = 2CE18A802BF4859D00840106 /* Build configuration list for PBXNativeTarget "GeminiMultimodal" */;
			buildPhases = (
				2CE18A6E2BF4859C00840106 /* Sources */,
				2CE18A6F2BF4859C00840106 /* Frameworks */,
				2CE18A702BF4859C00840106 /* Resources */,
			);
			buildRules = (
			);
			dependencies = (
			);
			name = GeminiMultimodal;
			packageProductDependencies = (
				2CE18A882BF4869A00840106 /* GoogleGenerativeAI */,
			);
			productName = GeminiMultimodal;
			productReference = 2CE18A722BF4859C00840106 /* GeminiMultimodal.app */;
			productType = "com.apple.product-type.application";
		};
/* End PBXNativeTarget section */

/* Begin PBXProject section */
		2CE18A6A2BF4859C00840106 /* Project object */ = {
			isa = PBXProject;
			attributes = {
				BuildIndependentTargetsInParallel = 1;
				LastSwiftUpdateCheck = 1530;
				LastUpgradeCheck = 1530;
				TargetAttributes = {
					2CE18A712BF4859C00840106 = {
						CreatedOnToolsVersion = 15.3;
					};
				};
			};
			buildConfigurationList = 2CE18A6D2BF4859C00840106 /* Build configuration list for PBXProject "GeminiMultimodal" */;
			compatibilityVersion = "Xcode 14.0";
			developmentRegion = en;
			hasScannedForEncodings = 0;
			knownRegions = (
				en,
				Base,
			);
			mainGroup = 2CE18A692BF4859C00840106;
			packageReferences = (
				2CE18A872BF4869A00840106 /* XCRemoteSwiftPackageReference "generative-ai-swift" */,
			);
			productRefGroup = 2CE18A732BF4859C00840106 /* Products */;
			projectDirPath = "";
			projectRoot = "";
			targets = (
				2CE18A712BF4859C00840106 /* GeminiMultimodal */,
			);
		};
/* End PBXProject section */

/* Begin PBXResourcesBuildPhase section */
		2CE18A702BF4859C00840106 /* Resources */ = {
			isa = PBXResourcesBuildPhase;
			buildActionMask = 2147483647;
			files = (
				2CE18A7D2BF4859D00840106 /* Preview Assets.xcassets in Resources */,
				2CE18A7A2BF4859D00840106 /* Assets.xcassets in Resources */,
				2CE18A8B2BF487C900840106 /* GenerativeAI-Info.plist in Resources */,
			);
			runOnlyForDeploymentPostprocessing = 0;
		};
/* End PBXResourcesBuildPhase section */

/* Begin PBXSourcesBuildPhase section */
		2CE18A6E2BF4859C00840106 /* Sources */ = {
			isa = PBXSourcesBuildPhase;
			buildActionMask = 2147483647;
			files = (
				2CE18A8F2BF48D2300840106 /* MultimodalChatView.swift in Sources */,
				2CE18A782BF4859C00840106 /* ContentView.swift in Sources */,
				2CE18A842BF485B900840106 /* Chat.swift in Sources */,
				2CE18A762BF4859C00840106 /* GeminiMultimodalApp.swift in Sources */,
				2CE18A8D2BF488D600840106 /* APIKey.swift in Sources */,
				2CC8ED7B2BF5258400E8C33B /* ChatBubbleShape.swift in Sources */,
				2CE18A932BF4AA0100840106 /* ChatService.swift in Sources */,
				2CC8ED792BF5254B00E8C33B /* ChatBubble.swift in Sources */,
			);
			runOnlyForDeploymentPostprocessing = 0;
		};
/* End PBXSourcesBuildPhase section */

/* Begin XCBuildConfiguration section */
		2CE18A7E2BF4859D00840106 /* Debug */ = {
			isa = XCBuildConfiguration;
			buildSettings = {
				ALWAYS_SEARCH_USER_PATHS = NO;
				ASSETCATALOG_COMPILER_GENERATE_SWIFT_ASSET_SYMBOL_EXTENSIONS = YES;
				CLANG_ANALYZER_NONNULL = YES;
				CLANG_ANALYZER_NUMBER_OBJECT_CONVERSION = YES_AGGRESSIVE;
				CLANG_CXX_LANGUAGE_STANDARD = "gnu++20";
				CLANG_ENABLE_MODULES = YES;
				CLANG_ENABLE_OBJC_ARC = YES;
				CLANG_ENABLE_OBJC_WEAK = YES;
				CLANG_WARN_BLOCK_CAPTURE_AUTORELEASING = YES;
				CLANG_WARN_BOOL_CONVERSION = YES;
				CLANG_WARN_COMMA = YES;
				CLANG_WARN_CONSTANT_CONVERSION = YES;
				CLANG_WARN_DEPRECATED_OBJC_IMPLEMENTATIONS = YES;
				CLANG_WARN_DIRECT_OBJC_ISA_USAGE = YES_ERROR;
				CLANG_WARN_DOCUMENTATION_COMMENTS = YES;
				CLANG_WARN_EMPTY_BODY = YES;
				CLANG_WARN_ENUM_CONVERSION = YES;
				CLANG_WARN_INFINITE_RECURSION = YES;
				CLANG_WARN_INT_CONVERSION = YES;
				CLANG_WARN_NON_LITERAL_NULL_CONVERSION = YES;
				CLANG_WARN_OBJC_IMPLICIT_RETAIN_SELF = YES;
				CLANG_WARN_OBJC_LITERAL_CONVERSION = YES;
				CLANG_WARN_OBJC_ROOT_CLASS = YES_ERROR;
				CLANG_WARN_QUOTED_INCLUDE_IN_FRAMEWORK_HEADER = YES;
				CLANG_WARN_RANGE_LOOP_ANALYSIS = YES;
				CLANG_WARN_STRICT_PROTOTYPES = YES;
				CLANG_WARN_SUSPICIOUS_MOVE = YES;
				CLANG_WARN_UNGUARDED_AVAILABILITY = YES_AGGRESSIVE;
				CLANG_WARN_UNREACHABLE_CODE = YES;
				CLANG_WARN__DUPLICATE_METHOD_MATCH = YES;
				COPY_PHASE_STRIP = NO;
				DEBUG_INFORMATION_FORMAT = dwarf;
				ENABLE_STRICT_OBJC_MSGSEND = YES;
				ENABLE_TESTABILITY = YES;
				ENABLE_USER_SCRIPT_SANDBOXING = YES;
				GCC_C_LANGUAGE_STANDARD = gnu17;
				GCC_DYNAMIC_NO_PIC = NO;
				GCC_NO_COMMON_BLOCKS = YES;
				GCC_OPTIMIZATION_LEVEL = 0;
				GCC_PREPROCESSOR_DEFINITIONS = (
					"DEBUG=1",
					"$(inherited)",
				);
				GCC_WARN_64_TO_32_BIT_CONVERSION = YES;
				GCC_WARN_ABOUT_RETURN_TYPE = YES_ERROR;
				GCC_WARN_UNDECLARED_SELECTOR = YES;
				GCC_WARN_UNINITIALIZED_AUTOS = YES_AGGRESSIVE;
				GCC_WARN_UNUSED_FUNCTION = YES;
				GCC_WARN_UNUSED_VARIABLE = YES;
				IPHONEOS_DEPLOYMENT_TARGET = 17.4;
				LOCALIZATION_PREFERS_STRING_CATALOGS = YES;
				MTL_ENABLE_DEBUG_INFO = INCLUDE_SOURCE;
				MTL_FAST_MATH = YES;
				ONLY_ACTIVE_ARCH = YES;
				SDKROOT = iphoneos;
				SWIFT_ACTIVE_COMPILATION_CONDITIONS = "DEBUG $(inherited)";
				SWIFT_OPTIMIZATION_LEVEL = "-Onone";
			};
			name = Debug;
		};
		2CE18A7F2BF4859D00840106 /* Release */ = {
			isa = XCBuildConfiguration;
			buildSettings = {
				ALWAYS_SEARCH_USER_PATHS = NO;
				ASSETCATALOG_COMPILER_GENERATE_SWIFT_ASSET_SYMBOL_EXTENSIONS = YES;
				CLANG_ANALYZER_NONNULL = YES;
				CLANG_ANALYZER_NUMBER_OBJECT_CONVERSION = YES_AGGRESSIVE;
				CLANG_CXX_LANGUAGE_STANDARD = "gnu++20";
				CLANG_ENABLE_MODULES = YES;
				CLANG_ENABLE_OBJC_ARC = YES;
				CLANG_ENABLE_OBJC_WEAK = YES;
				CLANG_WARN_BLOCK_CAPTURE_AUTORELEASING = YES;
				CLANG_WARN_BOOL_CONVERSION = YES;
				CLANG_WARN_COMMA = YES;
				CLANG_WARN_CONSTANT_CONVERSION = YES;
				CLANG_WARN_DEPRECATED_OBJC_IMPLEMENTATIONS = YES;
				CLANG_WARN_DIRECT_OBJC_ISA_USAGE = YES_ERROR;
				CLANG_WARN_DOCUMENTATION_COMMENTS = YES;
				CLANG_WARN_EMPTY_BODY = YES;
				CLANG_WARN_ENUM_CONVERSION = YES;
				CLANG_WARN_INFINITE_RECURSION = YES;
				CLANG_WARN_INT_CONVERSION = YES;
				CLANG_WARN_NON_LITERAL_NULL_CONVERSION = YES;
				CLANG_WARN_OBJC_IMPLICIT_RETAIN_SELF = YES;
				CLANG_WARN_OBJC_LITERAL_CONVERSION = YES;
				CLANG_WARN_OBJC_ROOT_CLASS = YES_ERROR;
				CLANG_WARN_QUOTED_INCLUDE_IN_FRAMEWORK_HEADER = YES;
				CLANG_WARN_RANGE_LOOP_ANALYSIS = YES;
				CLANG_WARN_STRICT_PROTOTYPES = YES;
				CLANG_WARN_SUSPICIOUS_MOVE = YES;
				CLANG_WARN_UNGUARDED_AVAILABILITY = YES_AGGRESSIVE;
				CLANG_WARN_UNREACHABLE_CODE = YES;
				CLANG_WARN__DUPLICATE_METHOD_MATCH = YES;
				COPY_PHASE_STRIP = NO;
				DEBUG_INFORMATION_FORMAT = "dwarf-with-dsym";
				ENABLE_NS_ASSERTIONS = NO;
				ENABLE_STRICT_OBJC_MSGSEND = YES;
				ENABLE_USER_SCRIPT_SANDBOXING = YES;
				GCC_C_LANGUAGE_STANDARD = gnu17;
				GCC_NO_COMMON_BLOCKS = YES;
				GCC_WARN_64_TO_32_BIT_CONVERSION = YES;
				GCC_WARN_ABOUT_RETURN_TYPE = YES_ERROR;
				GCC_WARN_UNDECLARED_SELECTOR = YES;
				GCC_WARN_UNINITIALIZED_AUTOS = YES_AGGRESSIVE;
				GCC_WARN_UNUSED_FUNCTION = YES;
				GCC_WARN_UNUSED_VARIABLE = YES;
				IPHONEOS_DEPLOYMENT_TARGET = 17.4;
				LOCALIZATION_PREFERS_STRING_CATALOGS = YES;
				MTL_ENABLE_DEBUG_INFO = NO;
				MTL_FAST_MATH = YES;
				SDKROOT = iphoneos;
				SWIFT_COMPILATION_MODE = wholemodule;
				VALIDATE_PRODUCT = YES;
			};
			name = Release;
		};
		2CE18A812BF4859D00840106 /* Debug */ = {
			isa = XCBuildConfiguration;
			buildSettings = {
				ASSETCATALOG_COMPILER_APPICON_NAME = AppIcon;
				ASSETCATALOG_COMPILER_GLOBAL_ACCENT_COLOR_NAME = AccentColor;
				CODE_SIGN_STYLE = Automatic;
				CURRENT_PROJECT_VERSION = 1;
				DEVELOPMENT_ASSET_PATHS = "\"GeminiMultimodal/Preview Content\"";
				DEVELOPMENT_TEAM = 826696Y524;
				ENABLE_PREVIEWS = YES;
				GENERATE_INFOPLIST_FILE = YES;
				INFOPLIST_KEY_UIApplicationSceneManifest_Generation = YES;
				INFOPLIST_KEY_UIApplicationSupportsIndirectInputEvents = YES;
				INFOPLIST_KEY_UILaunchScreen_Generation = YES;
				INFOPLIST_KEY_UISupportedInterfaceOrientations_iPad = "UIInterfaceOrientationPortrait UIInterfaceOrientationPortraitUpsideDown UIInterfaceOrientationLandscapeLeft UIInterfaceOrientationLandscapeRight";
				INFOPLIST_KEY_UISupportedInterfaceOrientations_iPhone = "UIInterfaceOrientationPortrait UIInterfaceOrientationLandscapeLeft UIInterfaceOrientationLandscapeRight";
				LD_RUNPATH_SEARCH_PATHS = (
					"$(inherited)",
					"@executable_path/Frameworks",
				);
				MARKETING_VERSION = 1.0;
				PRODUCT_BUNDLE_IDENTIFIER = com.db.GeminiMultimodal;
				PRODUCT_NAME = "$(TARGET_NAME)";
				SWIFT_EMIT_LOC_STRINGS = YES;
				SWIFT_VERSION = 5.0;
				TARGETED_DEVICE_FAMILY = "1,2";
			};
			name = Debug;
		};
		2CE18A822BF4859D00840106 /* Release */ = {
			isa = XCBuildConfiguration;
			buildSettings = {
				ASSETCATALOG_COMPILER_APPICON_NAME = AppIcon;
				ASSETCATALOG_COMPILER_GLOBAL_ACCENT_COLOR_NAME = AccentColor;
				CODE_SIGN_STYLE = Automatic;
				CURRENT_PROJECT_VERSION = 1;
				DEVELOPMENT_ASSET_PATHS = "\"GeminiMultimodal/Preview Content\"";
				DEVELOPMENT_TEAM = 826696Y524;
				ENABLE_PREVIEWS = YES;
				GENERATE_INFOPLIST_FILE = YES;
				INFOPLIST_KEY_UIApplicationSceneManifest_Generation = YES;
				INFOPLIST_KEY_UIApplicationSupportsIndirectInputEvents = YES;
				INFOPLIST_KEY_UILaunchScreen_Generation = YES;
				INFOPLIST_KEY_UISupportedInterfaceOrientations_iPad = "UIInterfaceOrientationPortrait UIInterfaceOrientationPortraitUpsideDown UIInterfaceOrientationLandscapeLeft UIInterfaceOrientationLandscapeRight";
				INFOPLIST_KEY_UISupportedInterfaceOrientations_iPhone = "UIInterfaceOrientationPortrait UIInterfaceOrientationLandscapeLeft UIInterfaceOrientationLandscapeRight";
				LD_RUNPATH_SEARCH_PATHS = (
					"$(inherited)",
					"@executable_path/Frameworks",
				);
				MARKETING_VERSION = 1.0;
				PRODUCT_BUNDLE_IDENTIFIER = com.db.GeminiMultimodal;
				PRODUCT_NAME = "$(TARGET_NAME)";
				SWIFT_EMIT_LOC_STRINGS = YES;
				SWIFT_VERSION = 5.0;
				TARGETED_DEVICE_FAMILY = "1,2";
			};
			name = Release;
		};
/* End XCBuildConfiguration section */

/* Begin XCConfigurationList section */
		2CE18A6D2BF4859C00840106 /* Build configuration list for PBXProject "GeminiMultimodal" */ = {
			isa = XCConfigurationList;
			buildConfigurations = (
				2CE18A7E2BF4859D00840106 /* Debug */,
				2CE18A7F2BF4859D00840106 /* Release */,
			);
			defaultConfigurationIsVisible = 0;
			defaultConfigurationName = Release;
		};
		2CE18A802BF4859D00840106 /* Build configuration list for PBXNativeTarget "GeminiMultimodal" */ = {
			isa = XCConfigurationList;
			buildConfigurations = (
				2CE18A812BF4859D00840106 /* Debug */,
				2CE18A822BF4859D00840106 /* Release */,
			);
			defaultConfigurationIsVisible = 0;
			defaultConfigurationName = Release;
		};
/* End XCConfigurationList section */

/* Begin XCRemoteSwiftPackageReference section */
		2CE18A872BF4869A00840106 /* XCRemoteSwiftPackageReference "generative-ai-swift" */ = {
			isa = XCRemoteSwiftPackageReference;
			repositoryURL = "https://github.com/google-gemini/generative-ai-swift";
			requirement = {
				kind = upToNextMajorVersion;
				minimumVersion = 0.5.3;
			};
		};
/* End XCRemoteSwiftPackageReference section */

/* Begin XCSwiftPackageProductDependency section */
		2CE18A882BF4869A00840106 /* GoogleGenerativeAI */ = {
			isa = XCSwiftPackageProductDependency;
			package = 2CE18A872BF4869A00840106 /* XCRemoteSwiftPackageReference "generative-ai-swift" */;
			productName = GoogleGenerativeAI;
		};
/* End XCSwiftPackageProductDependency section */
	};
	rootObject = 2CE18A6A2BF4859C00840106 /* Project object */;
}
